
Microsoft Visual Studio Solution File, Format Version 12.00
# Visual Studio Version 17
VisualStudioVersion = 17.14.36705.20 d17.14
MinimumVisualStudioVersion = 10.0.40219.1
Project("{8BC9CEB8-8B4A-11D0-8D11-00A0C91BC942}") = "Sonic Heroes Memory Editor", "Sonic Heroes Memory Editor\Sonic Heroes Memory Editor.vcxproj", "{83B7C536-89C5-4F6B-9EB9-2EE09EFA77D5}"
EndProject
Project("{8BC9CEB8-8B4A-11D0-8D11-00A0C91BC942}") = "Memory Editor Opener", "Memory Editor Opener\Memory Editor Opener.vcxproj", "{30605FB7-B762-42B3-BC29-5448BE49201A}"
EndProject
Global
	GlobalSection(SolutionConfigurationPlatforms) = preSolution
		Debug|x64 = Debug|x64
		Debug|x86 = Debug|x86
		Release|x64 = Release|x64
		Release|x86 = Release|x86
	EndGlobalSection
	GlobalSection(ProjectConfigurationPlatforms) = postSolution
		{83B7C536-89C5-4F6B-9EB9-2EE09EFA77D5}.Debug|x64.ActiveCfg = Debug|x64
		{83B7C536-89C5-4F6B-9EB9-2EE09EFA77D5}.Debug|x64.Build.0 = Debug|x64
		{83B7C536-89C5-4F6B-9EB9-2EE09EFA77D5}.Debug|x86.ActiveCfg = Debug|Win32
		{83B7C536-89C5-4F6B-9EB9-2EE09EFA77D5}.Debug|x86.Build.0 = Debug|Win32
		{83B7C536-89C5-4F6B-9EB9-2EE09EFA77D5}.Release|x64.ActiveCfg = Release|x64
		{83B7C536-89C5-4F6B-9EB9-2EE09EFA77D5}.Release|x64.Build.0 = Release|x64
		{83B7C536-89C5-4F6B-9EB9-2EE09EFA77D5}.Release|x86.ActiveCfg = Release|Win32
		{83B7C536-89C5-4F6B-9EB9-2EE09EFA77D5}.Release|x86.Build.0 = Release|Win32
		{30605FB7-B762-42B3-BC29-5448BE49201A}.Debug|x64.ActiveCfg = Debug|x64
		{30605FB7-B762-42B3-BC29-5448BE49201A}.Debug|x64.Build.0 = Debug|x64
		{30605FB7-B762-42B3-BC29-5448BE49201A}.Debug|x86.ActiveCfg = Debug|Win32
		{30605FB7-B762-42B3-BC29-5448BE49201A}.Debug|x86.Build.0 = Debug|Win32
		{30605FB7-B762-42B3-BC29-5448BE49201A}.Release|x64.ActiveCfg = Release|x64
		{30605FB7-B762-42B3-BC29-5448BE49201A}.Release|x64.Build.0 = Release|x64
		{30605FB7-B762-42B3-BC29-5448BE49201A}.Release|x86.ActiveCfg = Release|Win32
		{30605FB7-B762-42B3-BC29-5448BE49201A}.Release|x86.Build.0 = Release|Win32
	EndGlobalSection
	GlobalSection(SolutionProperties) = preSolution
		HideSolutionNode = FALSE
	EndGlobalSection
	GlobalSection(ExtensibilityGlobals) = postSolution
		SolutionGuid = {ED58C130-7721-453B-A3E5-3629D813301C}
	EndGlobalSection
EndGlobal
